// !$*UTF8*$!
{
	archiveVersion = 1;
	classes = {
	};
	objectVersion = 46;
	objects = {

/* Begin PBXBuildFile section */
		3E0B9622196952B0007688EB /* RotationLevel2Scene.m in Sources */ = {isa = PBXBuildFile; fileRef = 3E0B9621196952B0007688EB /* RotationLevel2Scene.m */; };
		3E0B9624196952BA007688EB /* RotationLevel2Scene.sks in Resources */ = {isa = PBXBuildFile; fileRef = 3E0B9623196952BA007688EB /* RotationLevel2Scene.sks */; };
		3E0B96261969543B007688EB /* RotationLevel3Scene.sks in Resources */ = {isa = PBXBuildFile; fileRef = 3E0B96251969543B007688EB /* RotationLevel3Scene.sks */; };
		3E0B9629196955D8007688EB /* RotationLevel3Scene.m in Sources */ = {isa = PBXBuildFile; fileRef = 3E0B9628196955D8007688EB /* RotationLevel3Scene.m */; };
		3E3E095619569F99006D87BE /* LevelSelectionViewController.m in Sources */ = {isa = PBXBuildFile; fileRef = 3E3E095419569F99006D87BE /* LevelSelectionViewController.m */; };
		3E3E095719569F99006D87BE /* LevelSelectionViewController.xib in Resources */ = {isa = PBXBuildFile; fileRef = 3E3E095519569F99006D87BE /* LevelSelectionViewController.xib */; };
		3E440ED71953FC920074D667 /* main.m in Sources */ = {isa = PBXBuildFile; fileRef = 3E440ED61953FC920074D667 /* main.m */; };
		3E440EE51953FC920074D667 /* Main.storyboard in Resources */ = {isa = PBXBuildFile; fileRef = 3E440EE31953FC920074D667 /* Main.storyboard */; };
		3E440EF31953FC920074D667 /* OCDv3Tests.m in Sources */ = {isa = PBXBuildFile; fileRef = 3E440EF21953FC920074D667 /* OCDv3Tests.m */; };
		3E6620C41968AF890020BA4E /* Level10Scene.m in Sources */ = {isa = PBXBuildFile; fileRef = 3E6620A51968AF890020BA4E /* Level10Scene.m */; };
		3E6620C51968AF890020BA4E /* Level11Scene.m in Sources */ = {isa = PBXBuildFile; fileRef = 3E6620A71968AF890020BA4E /* Level11Scene.m */; };
		3E6620C61968AF890020BA4E /* Level12Scene.m in Sources */ = {isa = PBXBuildFile; fileRef = 3E6620A91968AF890020BA4E /* Level12Scene.m */; };
		3E6620C71968AF890020BA4E /* Level13Scene.m in Sources */ = {isa = PBXBuildFile; fileRef = 3E6620AB1968AF890020BA4E /* Level13Scene.m */; };
		3E6620C81968AF890020BA4E /* Level14Scene.m in Sources */ = {isa = PBXBuildFile; fileRef = 3E6620AD1968AF890020BA4E /* Level14Scene.m */; };
		3E6620C91968AF890020BA4E /* Level15Scene.m in Sources */ = {isa = PBXBuildFile; fileRef = 3E6620AF1968AF890020BA4E /* Level15Scene.m */; };
		3E6620CA1968AF890020BA4E /* Level16Scene.m in Sources */ = {isa = PBXBuildFile; fileRef = 3E6620B11968AF890020BA4E /* Level16Scene.m */; };
		3E6620CB1968AF890020BA4E /* Level1Scene.m in Sources */ = {isa = PBXBuildFile; fileRef = 3E6620B31968AF890020BA4E /* Level1Scene.m */; };
		3E6620CC1968AF890020BA4E /* Level2Scene.m in Sources */ = {isa = PBXBuildFile; fileRef = 3E6620B51968AF890020BA4E /* Level2Scene.m */; };
		3E6620CD1968AF890020BA4E /* Level3Scene.m in Sources */ = {isa = PBXBuildFile; fileRef = 3E6620B71968AF890020BA4E /* Level3Scene.m */; };
		3E6620CE1968AF890020BA4E /* Level4Scene.m in Sources */ = {isa = PBXBuildFile; fileRef = 3E6620B91968AF890020BA4E /* Level4Scene.m */; };
		3E6620CF1968AF890020BA4E /* Level5Scene.m in Sources */ = {isa = PBXBuildFile; fileRef = 3E6620BB1968AF890020BA4E /* Level5Scene.m */; };
		3E6620D01968AF890020BA4E /* Level6Scene.m in Sources */ = {isa = PBXBuildFile; fileRef = 3E6620BD1968AF890020BA4E /* Level6Scene.m */; };
		3E6620D11968AF890020BA4E /* Level7Scene.m in Sources */ = {isa = PBXBuildFile; fileRef = 3E6620BF1968AF890020BA4E /* Level7Scene.m */; };
		3E6620D21968AF890020BA4E /* Level8Scene.m in Sources */ = {isa = PBXBuildFile; fileRef = 3E6620C11968AF890020BA4E /* Level8Scene.m */; };
		3E6620D31968AF890020BA4E /* Level9Scene.m in Sources */ = {isa = PBXBuildFile; fileRef = 3E6620C31968AF890020BA4E /* Level9Scene.m */; };
		3E6620E61968AFA60020BA4E /* Level10Scene.sks in Resources */ = {isa = PBXBuildFile; fileRef = 3E6620D61968AFA60020BA4E /* Level10Scene.sks */; };
		3E6620E71968AFA60020BA4E /* Level11Scene.sks in Resources */ = {isa = PBXBuildFile; fileRef = 3E6620D71968AFA60020BA4E /* Level11Scene.sks */; };
		3E6620E81968AFA60020BA4E /* Level12Scene.sks in Resources */ = {isa = PBXBuildFile; fileRef = 3E6620D81968AFA60020BA4E /* Level12Scene.sks */; };
		3E6620E91968AFA60020BA4E /* Level13Scene.sks in Resources */ = {isa = PBXBuildFile; fileRef = 3E6620D91968AFA60020BA4E /* Level13Scene.sks */; };
		3E6620EA1968AFA60020BA4E /* Level14Scene.sks in Resources */ = {isa = PBXBuildFile; fileRef = 3E6620DA1968AFA60020BA4E /* Level14Scene.sks */; };
		3E6620EB1968AFA60020BA4E /* Level15Scene.sks in Resources */ = {isa = PBXBuildFile; fileRef = 3E6620DB1968AFA60020BA4E /* Level15Scene.sks */; };
		3E6620EC1968AFA60020BA4E /* Level16Scene.sks in Resources */ = {isa = PBXBuildFile; fileRef = 3E6620DC1968AFA60020BA4E /* Level16Scene.sks */; };
		3E6620ED1968AFA60020BA4E /* Level1Scene.sks in Resources */ = {isa = PBXBuildFile; fileRef = 3E6620DD1968AFA60020BA4E /* Level1Scene.sks */; };
		3E6620EE1968AFA60020BA4E /* Level2Scene.sks in Resources */ = {isa = PBXBuildFile; fileRef = 3E6620DE1968AFA60020BA4E /* Level2Scene.sks */; };
		3E6620EF1968AFA60020BA4E /* Level3Scene.sks in Resources */ = {isa = PBXBuildFile; fileRef = 3E6620DF1968AFA60020BA4E /* Level3Scene.sks */; };
		3E6620F01968AFA60020BA4E /* Level4Scene.sks in Resources */ = {isa = PBXBuildFile; fileRef = 3E6620E01968AFA60020BA4E /* Level4Scene.sks */; };
		3E6620F11968AFA60020BA4E /* Level5Scene.sks in Resources */ = {isa = PBXBuildFile; fileRef = 3E6620E11968AFA60020BA4E /* Level5Scene.sks */; };
		3E6620F21968AFA60020BA4E /* Level6Scene.sks in Resources */ = {isa = PBXBuildFile; fileRef = 3E6620E21968AFA60020BA4E /* Level6Scene.sks */; };
		3E6620F31968AFA60020BA4E /* Level7Scene.sks in Resources */ = {isa = PBXBuildFile; fileRef = 3E6620E31968AFA60020BA4E /* Level7Scene.sks */; };
		3E6620F41968AFA60020BA4E /* Level8Scene.sks in Resources */ = {isa = PBXBuildFile; fileRef = 3E6620E41968AFA60020BA4E /* Level8Scene.sks */; };
		3E6620F51968AFA60020BA4E /* Level9Scene.sks in Resources */ = {isa = PBXBuildFile; fileRef = 3E6620E51968AFA60020BA4E /* Level9Scene.sks */; };
		3E6620F71968B1120020BA4E /* RotationLevel1Scene.sks in Resources */ = {isa = PBXBuildFile; fileRef = 3E6620F61968B1120020BA4E /* RotationLevel1Scene.sks */; };
		3E6620FA1968B1BB0020BA4E /* RotationLevel1Scene.m in Sources */ = {isa = PBXBuildFile; fileRef = 3E6620F91968B1BB0020BA4E /* RotationLevel1Scene.m */; };
		3E8ECFFE197C8E1900092851 /* TutorialScene.m in Sources */ = {isa = PBXBuildFile; fileRef = 3E8ECFFD197C8E1900092851 /* TutorialScene.m */; };
		3E8ED003197C931800092851 /* TutorialScene.sks in Resources */ = {isa = PBXBuildFile; fileRef = 3E8ED002197C931800092851 /* TutorialScene.sks */; };
		3E8ED007197C952900092851 /* SKScene+Unarchive.m in Sources */ = {isa = PBXBuildFile; fileRef = 3E8ED006197C952900092851 /* SKScene+Unarchive.m */; };
		3E8ED00A197C963500092851 /* OCDLevelScene.m in Sources */ = {isa = PBXBuildFile; fileRef = 3E8ED009197C963500092851 /* OCDLevelScene.m */; };
		3E8ED00D197CA24800092851 /* OCDSquareLevelScene.m in Sources */ = {isa = PBXBuildFile; fileRef = 3E8ED00C197CA24800092851 /* OCDSquareLevelScene.m */; };
		3E8ED010197CD3F400092851 /* OCDRotationLevelScene.m in Sources */ = {isa = PBXBuildFile; fileRef = 3E8ED00F197CD3F400092851 /* OCDRotationLevelScene.m */; };
		3E8ED013197CDA1100092851 /* OCDTriangleLevelScene.m in Sources */ = {isa = PBXBuildFile; fileRef = 3E8ED012197CDA1100092851 /* OCDTriangleLevelScene.m */; };
		3ECC3FB2197C70EF006D2AC4 /* TriangleLevel1Scene.m in Sources */ = {isa = PBXBuildFile; fileRef = 3ECC3FB1197C70EF006D2AC4 /* TriangleLevel1Scene.m */; };
		3ECC3FB5197C78B5006D2AC4 /* TriangleLevel1Scene.sks in Resources */ = {isa = PBXBuildFile; fileRef = 3ECC3FB4197C78B5006D2AC4 /* TriangleLevel1Scene.sks */; };
		3EDADD51195600BC008C8905 /* Assets.atlas in Resources */ = {isa = PBXBuildFile; fileRef = 3EDADD45195600BC008C8905 /* Assets.atlas */; };
		3EDADD52195600BC008C8905 /* Images.xcassets in Resources */ = {isa = PBXBuildFile; fileRef = 3EDADD46195600BC008C8905 /* Images.xcassets */; };
		3EDADD53195600BC008C8905 /* AppDelegate.m in Sources */ = {isa = PBXBuildFile; fileRef = 3EDADD49195600BC008C8905 /* AppDelegate.m */; };
		3EDADD54195600BC008C8905 /* GameViewController.m in Sources */ = {isa = PBXBuildFile; fileRef = 3EDADD4B195600BC008C8905 /* GameViewController.m */; };
/* End PBXBuildFile section */

/* Begin PBXContainerItemProxy section */
		3E440EED1953FC920074D667 /* PBXContainerItemProxy */ = {
			isa = PBXContainerItemProxy;
			containerPortal = 3E440EC91953FC920074D667 /* Project object */;
			proxyType = 1;
			remoteGlobalIDString = 3E440ED01953FC920074D667;
			remoteInfo = OCDv3;
		};
/* End PBXContainerItemProxy section */

/* Begin PBXFileReference section */
		3E0B9620196952B0007688EB /* RotationLevel2Scene.h */ = {isa = PBXFileReference; fileEncoding = 4; lastKnownFileType = sourcecode.c.h; path = RotationLevel2Scene.h; sourceTree = "<group>"; };
		3E0B9621196952B0007688EB /* RotationLevel2Scene.m */ = {isa = PBXFileReference; fileEncoding = 4; lastKnownFileType = sourcecode.c.objc; path = RotationLevel2Scene.m; sourceTree = "<group>"; };
		3E0B9623196952BA007688EB /* RotationLevel2Scene.sks */ = {isa = PBXFileReference; lastKnownFileType = file.sks; path = RotationLevel2Scene.sks; sourceTree = "<group>"; };
		3E0B96251969543B007688EB /* RotationLevel3Scene.sks */ = {isa = PBXFileReference; lastKnownFileType = file.sks; path = RotationLevel3Scene.sks; sourceTree = "<group>"; };
		3E0B9627196955D8007688EB /* RotationLevel3Scene.h */ = {isa = PBXFileReference; fileEncoding = 4; lastKnownFileType = sourcecode.c.h; path = RotationLevel3Scene.h; sourceTree = "<group>"; };
		3E0B9628196955D8007688EB /* RotationLevel3Scene.m */ = {isa = PBXFileReference; fileEncoding = 4; lastKnownFileType = sourcecode.c.objc; path = RotationLevel3Scene.m; sourceTree = "<group>"; };
		3E3E095319569F99006D87BE /* LevelSelectionViewController.h */ = {isa = PBXFileReference; fileEncoding = 4; lastKnownFileType = sourcecode.c.h; path = LevelSelectionViewController.h; sourceTree = "<group>"; };
		3E3E095419569F99006D87BE /* LevelSelectionViewController.m */ = {isa = PBXFileReference; fileEncoding = 4; lastKnownFileType = sourcecode.c.objc; path = LevelSelectionViewController.m; sourceTree = "<group>"; };
		3E3E095519569F99006D87BE /* LevelSelectionViewController.xib */ = {isa = PBXFileReference; fileEncoding = 4; lastKnownFileType = file.xib; path = LevelSelectionViewController.xib; sourceTree = "<group>"; };
		3E440ED11953FC920074D667 /* OCDv3.app */ = {isa = PBXFileReference; explicitFileType = wrapper.application; includeInIndex = 0; path = OCDv3.app; sourceTree = BUILT_PRODUCTS_DIR; };
		3E440ED51953FC920074D667 /* Info.plist */ = {isa = PBXFileReference; lastKnownFileType = text.plist.xml; path = Info.plist; sourceTree = "<group>"; };
		3E440ED61953FC920074D667 /* main.m */ = {isa = PBXFileReference; lastKnownFileType = sourcecode.c.objc; path = main.m; sourceTree = "<group>"; };
		3E440EE41953FC920074D667 /* Base */ = {isa = PBXFileReference; lastKnownFileType = file.storyboard; name = Base; path = Base.lproj/Main.storyboard; sourceTree = "<group>"; };
		3E440EEC1953FC920074D667 /* OCDv3Tests.xctest */ = {isa = PBXFileReference; explicitFileType = wrapper.cfbundle; includeInIndex = 0; path = OCDv3Tests.xctest; sourceTree = BUILT_PRODUCTS_DIR; };
		3E440EF11953FC920074D667 /* Info.plist */ = {isa = PBXFileReference; lastKnownFileType = text.plist.xml; path = Info.plist; sourceTree = "<group>"; };
		3E440EF21953FC920074D667 /* OCDv3Tests.m */ = {isa = PBXFileReference; lastKnownFileType = sourcecode.c.objc; path = OCDv3Tests.m; sourceTree = "<group>"; };
		3E6620A41968AF890020BA4E /* Level10Scene.h */ = {isa = PBXFileReference; fileEncoding = 4; lastKnownFileType = sourcecode.c.h; path = Level10Scene.h; sourceTree = "<group>"; };
		3E6620A51968AF890020BA4E /* Level10Scene.m */ = {isa = PBXFileReference; fileEncoding = 4; lastKnownFileType = sourcecode.c.objc; path = Level10Scene.m; sourceTree = "<group>"; };
		3E6620A61968AF890020BA4E /* Level11Scene.h */ = {isa = PBXFileReference; fileEncoding = 4; lastKnownFileType = sourcecode.c.h; path = Level11Scene.h; sourceTree = "<group>"; };
		3E6620A71968AF890020BA4E /* Level11Scene.m */ = {isa = PBXFileReference; fileEncoding = 4; lastKnownFileType = sourcecode.c.objc; path = Level11Scene.m; sourceTree = "<group>"; };
		3E6620A81968AF890020BA4E /* Level12Scene.h */ = {isa = PBXFileReference; fileEncoding = 4; lastKnownFileType = sourcecode.c.h; path = Level12Scene.h; sourceTree = "<group>"; };
		3E6620A91968AF890020BA4E /* Level12Scene.m */ = {isa = PBXFileReference; fileEncoding = 4; lastKnownFileType = sourcecode.c.objc; path = Level12Scene.m; sourceTree = "<group>"; };
		3E6620AA1968AF890020BA4E /* Level13Scene.h */ = {isa = PBXFileReference; fileEncoding = 4; lastKnownFileType = sourcecode.c.h; path = Level13Scene.h; sourceTree = "<group>"; };
		3E6620AB1968AF890020BA4E /* Level13Scene.m */ = {isa = PBXFileReference; fileEncoding = 4; lastKnownFileType = sourcecode.c.objc; path = Level13Scene.m; sourceTree = "<group>"; };
		3E6620AC1968AF890020BA4E /* Level14Scene.h */ = {isa = PBXFileReference; fileEncoding = 4; lastKnownFileType = sourcecode.c.h; path = Level14Scene.h; sourceTree = "<group>"; };
		3E6620AD1968AF890020BA4E /* Level14Scene.m */ = {isa = PBXFileReference; fileEncoding = 4; lastKnownFileType = sourcecode.c.objc; path = Level14Scene.m; sourceTree = "<group>"; };
		3E6620AE1968AF890020BA4E /* Level15Scene.h */ = {isa = PBXFileReference; fileEncoding = 4; lastKnownFileType = sourcecode.c.h; path = Level15Scene.h; sourceTree = "<group>"; };
		3E6620AF1968AF890020BA4E /* Level15Scene.m */ = {isa = PBXFileReference; fileEncoding = 4; lastKnownFileType = sourcecode.c.objc; path = Level15Scene.m; sourceTree = "<group>"; };
		3E6620B01968AF890020BA4E /* Level16Scene.h */ = {isa = PBXFileReference; fileEncoding = 4; lastKnownFileType = sourcecode.c.h; path = Level16Scene.h; sourceTree = "<group>"; };
		3E6620B11968AF890020BA4E /* Level16Scene.m */ = {isa = PBXFileReference; fileEncoding = 4; lastKnownFileType = sourcecode.c.objc; path = Level16Scene.m; sourceTree = "<group>"; };
		3E6620B21968AF890020BA4E /* Level1Scene.h */ = {isa = PBXFileReference; fileEncoding = 4; lastKnownFileType = sourcecode.c.h; path = Level1Scene.h; sourceTree = "<group>"; };
		3E6620B31968AF890020BA4E /* Level1Scene.m */ = {isa = PBXFileReference; fileEncoding = 4; lastKnownFileType = sourcecode.c.objc; path = Level1Scene.m; sourceTree = "<group>"; };
		3E6620B41968AF890020BA4E /* Level2Scene.h */ = {isa = PBXFileReference; fileEncoding = 4; lastKnownFileType = sourcecode.c.h; path = Level2Scene.h; sourceTree = "<group>"; };
		3E6620B51968AF890020BA4E /* Level2Scene.m */ = {isa = PBXFileReference; fileEncoding = 4; lastKnownFileType = sourcecode.c.objc; path = Level2Scene.m; sourceTree = "<group>"; };
		3E6620B61968AF890020BA4E /* Level3Scene.h */ = {isa = PBXFileReference; fileEncoding = 4; lastKnownFileType = sourcecode.c.h; path = Level3Scene.h; sourceTree = "<group>"; };
		3E6620B71968AF890020BA4E /* Level3Scene.m */ = {isa = PBXFileReference; fileEncoding = 4; lastKnownFileType = sourcecode.c.objc; path = Level3Scene.m; sourceTree = "<group>"; };
		3E6620B81968AF890020BA4E /* Level4Scene.h */ = {isa = PBXFileReference; fileEncoding = 4; lastKnownFileType = sourcecode.c.h; path = Level4Scene.h; sourceTree = "<group>"; };
		3E6620B91968AF890020BA4E /* Level4Scene.m */ = {isa = PBXFileReference; fileEncoding = 4; lastKnownFileType = sourcecode.c.objc; path = Level4Scene.m; sourceTree = "<group>"; };
		3E6620BA1968AF890020BA4E /* Level5Scene.h */ = {isa = PBXFileReference; fileEncoding = 4; lastKnownFileType = sourcecode.c.h; path = Level5Scene.h; sourceTree = "<group>"; };
		3E6620BB1968AF890020BA4E /* Level5Scene.m */ = {isa = PBXFileReference; fileEncoding = 4; lastKnownFileType = sourcecode.c.objc; path = Level5Scene.m; sourceTree = "<group>"; };
		3E6620BC1968AF890020BA4E /* Level6Scene.h */ = {isa = PBXFileReference; fileEncoding = 4; lastKnownFileType = sourcecode.c.h; path = Level6Scene.h; sourceTree = "<group>"; };
		3E6620BD1968AF890020BA4E /* Level6Scene.m */ = {isa = PBXFileReference; fileEncoding = 4; lastKnownFileType = sourcecode.c.objc; path = Level6Scene.m; sourceTree = "<group>"; };
		3E6620BE1968AF890020BA4E /* Level7Scene.h */ = {isa = PBXFileReference; fileEncoding = 4; lastKnownFileType = sourcecode.c.h; path = Level7Scene.h; sourceTree = "<group>"; };
		3E6620BF1968AF890020BA4E /* Level7Scene.m */ = {isa = PBXFileReference; fileEncoding = 4; lastKnownFileType = sourcecode.c.objc; path = Level7Scene.m; sourceTree = "<group>"; };
		3E6620C01968AF890020BA4E /* Level8Scene.h */ = {isa = PBXFileReference; fileEncoding = 4; lastKnownFileType = sourcecode.c.h; path = Level8Scene.h; sourceTree = "<group>"; };
		3E6620C11968AF890020BA4E /* Level8Scene.m */ = {isa = PBXFileReference; fileEncoding = 4; lastKnownFileType = sourcecode.c.objc; path = Level8Scene.m; sourceTree = "<group>"; };
		3E6620C21968AF890020BA4E /* Level9Scene.h */ = {isa = PBXFileReference; fileEncoding = 4; lastKnownFileType = sourcecode.c.h; path = Level9Scene.h; sourceTree = "<group>"; };
		3E6620C31968AF890020BA4E /* Level9Scene.m */ = {isa = PBXFileReference; fileEncoding = 4; lastKnownFileType = sourcecode.c.objc; path = Level9Scene.m; sourceTree = "<group>"; };
		3E6620D61968AFA60020BA4E /* Level10Scene.sks */ = {isa = PBXFileReference; lastKnownFileType = file.sks; path = Level10Scene.sks; sourceTree = "<group>"; };
		3E6620D71968AFA60020BA4E /* Level11Scene.sks */ = {isa = PBXFileReference; lastKnownFileType = file.sks; path = Level11Scene.sks; sourceTree = "<group>"; };
		3E6620D81968AFA60020BA4E /* Level12Scene.sks */ = {isa = PBXFileReference; lastKnownFileType = file.sks; path = Level12Scene.sks; sourceTree = "<group>"; };
		3E6620D91968AFA60020BA4E /* Level13Scene.sks */ = {isa = PBXFileReference; lastKnownFileType = file.sks; path = Level13Scene.sks; sourceTree = "<group>"; };
		3E6620DA1968AFA60020BA4E /* Level14Scene.sks */ = {isa = PBXFileReference; lastKnownFileType = file.sks; path = Level14Scene.sks; sourceTree = "<group>"; };
		3E6620DB1968AFA60020BA4E /* Level15Scene.sks */ = {isa = PBXFileReference; lastKnownFileType = file.sks; path = Level15Scene.sks; sourceTree = "<group>"; };
		3E6620DC1968AFA60020BA4E /* Level16Scene.sks */ = {isa = PBXFileReference; lastKnownFileType = file.sks; path = Level16Scene.sks; sourceTree = "<group>"; };
		3E6620DD1968AFA60020BA4E /* Level1Scene.sks */ = {isa = PBXFileReference; lastKnownFileType = file.sks; path = Level1Scene.sks; sourceTree = "<group>"; };
		3E6620DE1968AFA60020BA4E /* Level2Scene.sks */ = {isa = PBXFileReference; lastKnownFileType = file.sks; path = Level2Scene.sks; sourceTree = "<group>"; };
		3E6620DF1968AFA60020BA4E /* Level3Scene.sks */ = {isa = PBXFileReference; lastKnownFileType = file.sks; path = Level3Scene.sks; sourceTree = "<group>"; };
		3E6620E01968AFA60020BA4E /* Level4Scene.sks */ = {isa = PBXFileReference; lastKnownFileType = file.sks; path = Level4Scene.sks; sourceTree = "<group>"; };
		3E6620E11968AFA60020BA4E /* Level5Scene.sks */ = {isa = PBXFileReference; lastKnownFileType = file.sks; path = Level5Scene.sks; sourceTree = "<group>"; };
		3E6620E21968AFA60020BA4E /* Level6Scene.sks */ = {isa = PBXFileReference; lastKnownFileType = file.sks; path = Level6Scene.sks; sourceTree = "<group>"; };
		3E6620E31968AFA60020BA4E /* Level7Scene.sks */ = {isa = PBXFileReference; lastKnownFileType = file.sks; path = Level7Scene.sks; sourceTree = "<group>"; };
		3E6620E41968AFA60020BA4E /* Level8Scene.sks */ = {isa = PBXFileReference; lastKnownFileType = file.sks; path = Level8Scene.sks; sourceTree = "<group>"; };
		3E6620E51968AFA60020BA4E /* Level9Scene.sks */ = {isa = PBXFileReference; lastKnownFileType = file.sks; path = Level9Scene.sks; sourceTree = "<group>"; };
		3E6620F61968B1120020BA4E /* RotationLevel1Scene.sks */ = {isa = PBXFileReference; lastKnownFileType = file.sks; path = RotationLevel1Scene.sks; sourceTree = "<group>"; };
		3E6620F81968B1BB0020BA4E /* RotationLevel1Scene.h */ = {isa = PBXFileReference; fileEncoding = 4; lastKnownFileType = sourcecode.c.h; path = RotationLevel1Scene.h; sourceTree = "<group>"; };
		3E6620F91968B1BB0020BA4E /* RotationLevel1Scene.m */ = {isa = PBXFileReference; fileEncoding = 4; lastKnownFileType = sourcecode.c.objc; path = RotationLevel1Scene.m; sourceTree = "<group>"; };
		3E8ECFFC197C8E1900092851 /* TutorialScene.h */ = {isa = PBXFileReference; fileEncoding = 4; lastKnownFileType = sourcecode.c.h; path = TutorialScene.h; sourceTree = "<group>"; };
		3E8ECFFD197C8E1900092851 /* TutorialScene.m */ = {isa = PBXFileReference; fileEncoding = 4; lastKnownFileType = sourcecode.c.objc; path = TutorialScene.m; sourceTree = "<group>"; };
		3E8ED002197C931800092851 /* TutorialScene.sks */ = {isa = PBXFileReference; lastKnownFileType = file.sks; path = TutorialScene.sks; sourceTree = "<group>"; };
		3E8ED005197C952900092851 /* SKScene+Unarchive.h */ = {isa = PBXFileReference; fileEncoding = 4; lastKnownFileType = sourcecode.c.h; path = "SKScene+Unarchive.h"; sourceTree = "<group>"; };
		3E8ED006197C952900092851 /* SKScene+Unarchive.m */ = {isa = PBXFileReference; fileEncoding = 4; lastKnownFileType = sourcecode.c.objc; path = "SKScene+Unarchive.m"; sourceTree = "<group>"; };
		3E8ED008197C963500092851 /* OCDLevelScene.h */ = {isa = PBXFileReference; fileEncoding = 4; lastKnownFileType = sourcecode.c.h; path = OCDLevelScene.h; sourceTree = "<group>"; };
		3E8ED009197C963500092851 /* OCDLevelScene.m */ = {isa = PBXFileReference; fileEncoding = 4; lastKnownFileType = sourcecode.c.objc; path = OCDLevelScene.m; sourceTree = "<group>"; };
		3E8ED00B197CA24800092851 /* OCDSquareLevelScene.h */ = {isa = PBXFileReference; fileEncoding = 4; lastKnownFileType = sourcecode.c.h; name = OCDSquareLevelScene.h; path = ../OCDSquareLevelScene.h; sourceTree = "<group>"; };
		3E8ED00C197CA24800092851 /* OCDSquareLevelScene.m */ = {isa = PBXFileReference; fileEncoding = 4; lastKnownFileType = sourcecode.c.objc; name = OCDSquareLevelScene.m; path = ../OCDSquareLevelScene.m; sourceTree = "<group>"; };
		3E8ED00E197CD3F400092851 /* OCDRotationLevelScene.h */ = {isa = PBXFileReference; fileEncoding = 4; lastKnownFileType = sourcecode.c.h; path = OCDRotationLevelScene.h; sourceTree = "<group>"; };
		3E8ED00F197CD3F400092851 /* OCDRotationLevelScene.m */ = {isa = PBXFileReference; fileEncoding = 4; lastKnownFileType = sourcecode.c.objc; path = OCDRotationLevelScene.m; sourceTree = "<group>"; };
		3E8ED011197CDA1100092851 /* OCDTriangleLevelScene.h */ = {isa = PBXFileReference; fileEncoding = 4; lastKnownFileType = sourcecode.c.h; path = OCDTriangleLevelScene.h; sourceTree = "<group>"; };
		3E8ED012197CDA1100092851 /* OCDTriangleLevelScene.m */ = {isa = PBXFileReference; fileEncoding = 4; lastKnownFileType = sourcecode.c.objc; path = OCDTriangleLevelScene.m; sourceTree = "<group>"; };
		3ECC3FB0197C70EF006D2AC4 /* TriangleLevel1Scene.h */ = {isa = PBXFileReference; fileEncoding = 4; lastKnownFileType = sourcecode.c.h; path = TriangleLevel1Scene.h; sourceTree = "<group>"; };
		3ECC3FB1197C70EF006D2AC4 /* TriangleLevel1Scene.m */ = {isa = PBXFileReference; fileEncoding = 4; lastKnownFileType = sourcecode.c.objc; path = TriangleLevel1Scene.m; sourceTree = "<group>"; };
		3ECC3FB4197C78B5006D2AC4 /* TriangleLevel1Scene.sks */ = {isa = PBXFileReference; lastKnownFileType = file.sks; path = TriangleLevel1Scene.sks; sourceTree = "<group>"; };
		3EDADD45195600BC008C8905 /* Assets.atlas */ = {isa = PBXFileReference; lastKnownFileType = folder.skatlas; path = Assets.atlas; sourceTree = "<group>"; };
		3EDADD46195600BC008C8905 /* Images.xcassets */ = {isa = PBXFileReference; lastKnownFileType = folder.assetcatalog; path = Images.xcassets; sourceTree = "<group>"; };
		3EDADD48195600BC008C8905 /* AppDelegate.h */ = {isa = PBXFileReference; fileEncoding = 4; lastKnownFileType = sourcecode.c.h; path = AppDelegate.h; sourceTree = "<group>"; };
		3EDADD49195600BC008C8905 /* AppDelegate.m */ = {isa = PBXFileReference; fileEncoding = 4; lastKnownFileType = sourcecode.c.objc; path = AppDelegate.m; sourceTree = "<group>"; };
		3EDADD4A195600BC008C8905 /* GameViewController.h */ = {isa = PBXFileReference; fileEncoding = 4; lastKnownFileType = sourcecode.c.h; path = GameViewController.h; sourceTree = "<group>"; };
		3EDADD4B195600BC008C8905 /* GameViewController.m */ = {isa = PBXFileReference; fileEncoding = 4; lastKnownFileType = sourcecode.c.objc; path = GameViewController.m; sourceTree = "<group>"; };
/* End PBXFileReference section */

/* Begin PBXFrameworksBuildPhase section */
		3E440ECE1953FC920074D667 /* Frameworks */ = {
			isa = PBXFrameworksBuildPhase;
			buildActionMask = 2147483647;
			files = (
			);
			runOnlyForDeploymentPostprocessing = 0;
		};
		3E440EE91953FC920074D667 /* Frameworks */ = {
			isa = PBXFrameworksBuildPhase;
			buildActionMask = 2147483647;
			files = (
			);
			runOnlyForDeploymentPostprocessing = 0;
		};
/* End PBXFrameworksBuildPhase section */

/* Begin PBXGroup section */
		3E440EC81953FC920074D667 = {
			isa = PBXGroup;
			children = (
				3E440ED31953FC920074D667 /* OCDv3 */,
				3E440EEF1953FC920074D667 /* OCDv3Tests */,
				3E440ED21953FC920074D667 /* Products */,
			);
			sourceTree = "<group>";
		};
		3E440ED21953FC920074D667 /* Products */ = {
			isa = PBXGroup;
			children = (
				3E440ED11953FC920074D667 /* OCDv3.app */,
				3E440EEC1953FC920074D667 /* OCDv3Tests.xctest */,
			);
			name = Products;
			sourceTree = "<group>";
		};
		3E440ED31953FC920074D667 /* OCDv3 */ = {
			isa = PBXGroup;
			children = (
				3E440EE31953FC920074D667 /* Main.storyboard */,
				3EDADD47195600BC008C8905 /* Classes */,
				3EDADD4F195600BC008C8905 /* Scene Layouts */,
				3EDADD44195600BC008C8905 /* Assets */,
				3E440ED41953FC920074D667 /* Supporting Files */,
			);
			path = OCDv3;
			sourceTree = "<group>";
		};
		3E440ED41953FC920074D667 /* Supporting Files */ = {
			isa = PBXGroup;
			children = (
				3E440ED51953FC920074D667 /* Info.plist */,
				3E440ED61953FC920074D667 /* main.m */,
			);
			name = "Supporting Files";
			sourceTree = "<group>";
		};
		3E440EEF1953FC920074D667 /* OCDv3Tests */ = {
			isa = PBXGroup;
			children = (
				3E440EF21953FC920074D667 /* OCDv3Tests.m */,
				3E440EF01953FC920074D667 /* Supporting Files */,
			);
			path = OCDv3Tests;
			sourceTree = "<group>";
		};
		3E440EF01953FC920074D667 /* Supporting Files */ = {
			isa = PBXGroup;
			children = (
				3E440EF11953FC920074D667 /* Info.plist */,
			);
			name = "Supporting Files";
			sourceTree = "<group>";
		};
		3E6620A21968AF600020BA4E /* Rotation */ = {
			isa = PBXGroup;
			children = (
				3E8ED00E197CD3F400092851 /* OCDRotationLevelScene.h */,
				3E8ED00F197CD3F400092851 /* OCDRotationLevelScene.m */,
				3E6620F81968B1BB0020BA4E /* RotationLevel1Scene.h */,
				3E6620F91968B1BB0020BA4E /* RotationLevel1Scene.m */,
				3E0B9620196952B0007688EB /* RotationLevel2Scene.h */,
				3E0B9621196952B0007688EB /* RotationLevel2Scene.m */,
				3E0B9627196955D8007688EB /* RotationLevel3Scene.h */,
				3E0B9628196955D8007688EB /* RotationLevel3Scene.m */,
			);
			path = Rotation;
			sourceTree = "<group>";
		};
		3E6620A31968AF890020BA4E /* Squares */ = {
			isa = PBXGroup;
			children = (
				3E8ED00B197CA24800092851 /* OCDSquareLevelScene.h */,
				3E8ED00C197CA24800092851 /* OCDSquareLevelScene.m */,
				3E6620B21968AF890020BA4E /* Level1Scene.h */,
				3E6620B31968AF890020BA4E /* Level1Scene.m */,
				3E6620B41968AF890020BA4E /* Level2Scene.h */,
				3E6620B51968AF890020BA4E /* Level2Scene.m */,
				3E6620B61968AF890020BA4E /* Level3Scene.h */,
				3E6620B71968AF890020BA4E /* Level3Scene.m */,
				3E6620B81968AF890020BA4E /* Level4Scene.h */,
				3E6620B91968AF890020BA4E /* Level4Scene.m */,
				3E6620BA1968AF890020BA4E /* Level5Scene.h */,
				3E6620BB1968AF890020BA4E /* Level5Scene.m */,
				3E6620BC1968AF890020BA4E /* Level6Scene.h */,
				3E6620BD1968AF890020BA4E /* Level6Scene.m */,
				3E6620BE1968AF890020BA4E /* Level7Scene.h */,
				3E6620BF1968AF890020BA4E /* Level7Scene.m */,
				3E6620C01968AF890020BA4E /* Level8Scene.h */,
				3E6620C11968AF890020BA4E /* Level8Scene.m */,
				3E6620C21968AF890020BA4E /* Level9Scene.h */,
				3E6620C31968AF890020BA4E /* Level9Scene.m */,
				3E6620A41968AF890020BA4E /* Level10Scene.h */,
				3E6620A51968AF890020BA4E /* Level10Scene.m */,
				3E6620A61968AF890020BA4E /* Level11Scene.h */,
				3E6620A71968AF890020BA4E /* Level11Scene.m */,
				3E6620A81968AF890020BA4E /* Level12Scene.h */,
				3E6620A91968AF890020BA4E /* Level12Scene.m */,
				3E6620AA1968AF890020BA4E /* Level13Scene.h */,
				3E6620AB1968AF890020BA4E /* Level13Scene.m */,
				3E6620AC1968AF890020BA4E /* Level14Scene.h */,
				3E6620AD1968AF890020BA4E /* Level14Scene.m */,
				3E6620AE1968AF890020BA4E /* Level15Scene.h */,
				3E6620AF1968AF890020BA4E /* Level15Scene.m */,
				3E6620B01968AF890020BA4E /* Level16Scene.h */,
				3E6620B11968AF890020BA4E /* Level16Scene.m */,
			);
			path = Squares;
			sourceTree = "<group>";
		};
		3E6620D41968AFA60020BA4E /* Rotation */ = {
			isa = PBXGroup;
			children = (
				3E6620F61968B1120020BA4E /* RotationLevel1Scene.sks */,
				3E0B9623196952BA007688EB /* RotationLevel2Scene.sks */,
				3E0B96251969543B007688EB /* RotationLevel3Scene.sks */,
			);
			path = Rotation;
			sourceTree = "<group>";
		};
		3E6620D51968AFA60020BA4E /* Squares */ = {
			isa = PBXGroup;
			children = (
				3E6620DD1968AFA60020BA4E /* Level1Scene.sks */,
				3E6620DE1968AFA60020BA4E /* Level2Scene.sks */,
				3E6620DF1968AFA60020BA4E /* Level3Scene.sks */,
				3E6620E01968AFA60020BA4E /* Level4Scene.sks */,
				3E6620E11968AFA60020BA4E /* Level5Scene.sks */,
				3E6620E21968AFA60020BA4E /* Level6Scene.sks */,
				3E6620E31968AFA60020BA4E /* Level7Scene.sks */,
				3E6620E41968AFA60020BA4E /* Level8Scene.sks */,
				3E6620E51968AFA60020BA4E /* Level9Scene.sks */,
				3E6620D61968AFA60020BA4E /* Level10Scene.sks */,
				3E6620D71968AFA60020BA4E /* Level11Scene.sks */,
				3E6620D81968AFA60020BA4E /* Level12Scene.sks */,
				3E6620D91968AFA60020BA4E /* Level13Scene.sks */,
				3E6620DA1968AFA60020BA4E /* Level14Scene.sks */,
				3E6620DB1968AFA60020BA4E /* Level15Scene.sks */,
				3E6620DC1968AFA60020BA4E /* Level16Scene.sks */,
			);
			path = Squares;
			sourceTree = "<group>";
		};
		3E8ECFFB197C8E1900092851 /* Tutorial */ = {
			isa = PBXGroup;
			children = (
				3E8ECFFC197C8E1900092851 /* TutorialScene.h */,
				3E8ECFFD197C8E1900092851 /* TutorialScene.m */,
			);
			path = Tutorial;
			sourceTree = "<group>";
		};
		3E8ED001197C931800092851 /* Tutorial */ = {
			isa = PBXGroup;
			children = (
				3E8ED002197C931800092851 /* TutorialScene.sks */,
			);
			path = Tutorial;
			sourceTree = "<group>";
		};
		3E8ED004197C951400092851 /* Categories */ = {
			isa = PBXGroup;
			children = (
				3E8ED005197C952900092851 /* SKScene+Unarchive.h */,
				3E8ED006197C952900092851 /* SKScene+Unarchive.m */,
			);
			path = Categories;
			sourceTree = "<group>";
		};
		3ECC3FAF197C70DE006D2AC4 /* Trangles */ = {
			isa = PBXGroup;
			children = (
				3E8ED011197CDA1100092851 /* OCDTriangleLevelScene.h */,
				3E8ED012197CDA1100092851 /* OCDTriangleLevelScene.m */,
				3ECC3FB0197C70EF006D2AC4 /* TriangleLevel1Scene.h */,
				3ECC3FB1197C70EF006D2AC4 /* TriangleLevel1Scene.m */,
			);
			path = Trangles;
			sourceTree = "<group>";
		};
		3ECC3FB3197C789D006D2AC4 /* Triangles */ = {
			isa = PBXGroup;
			children = (
				3ECC3FB4197C78B5006D2AC4 /* TriangleLevel1Scene.sks */,
			);
			path = Triangles;
			sourceTree = "<group>";
		};
		3EDADD44195600BC008C8905 /* Assets */ = {
			isa = PBXGroup;
			children = (
				3EDADD45195600BC008C8905 /* Assets.atlas */,
				3EDADD46195600BC008C8905 /* Images.xcassets */,
			);
			path = Assets;
			sourceTree = "<group>";
		};
		3EDADD47195600BC008C8905 /* Classes */ = {
			isa = PBXGroup;
			children = (
				3EDADD48195600BC008C8905 /* AppDelegate.h */,
				3EDADD49195600BC008C8905 /* AppDelegate.m */,
				3EDADD4A195600BC008C8905 /* GameViewController.h */,
				3EDADD4B195600BC008C8905 /* GameViewController.m */,
				3E3E095319569F99006D87BE /* LevelSelectionViewController.h */,
				3E3E095419569F99006D87BE /* LevelSelectionViewController.m */,
				3E3E095519569F99006D87BE /* LevelSelectionViewController.xib */,
				3EDADD4C195600BC008C8905 /* Scenes */,
				3E8ED004197C951400092851 /* Categories */,
			);
			path = Classes;
			sourceTree = "<group>";
		};
		3EDADD4C195600BC008C8905 /* Scenes */ = {
			isa = PBXGroup;
			children = (
				3E8ED008197C963500092851 /* OCDLevelScene.h */,
				3E8ED009197C963500092851 /* OCDLevelScene.m */,
				3E8ECFFB197C8E1900092851 /* Tutorial */,
				3E6620A31968AF890020BA4E /* Squares */,
				3ECC3FAF197C70DE006D2AC4 /* Trangles */,
				3E6620A21968AF600020BA4E /* Rotation */,
			);
			path = Scenes;
			sourceTree = "<group>";
		};
		3EDADD4F195600BC008C8905 /* Scene Layouts */ = {
			isa = PBXGroup;
			children = (
				3E8ED001197C931800092851 /* Tutorial */,
				3E6620D51968AFA60020BA4E /* Squares */,
				3ECC3FB3197C789D006D2AC4 /* Triangles */,
				3E6620D41968AFA60020BA4E /* Rotation */,
			);
			path = "Scene Layouts";
			sourceTree = "<group>";
		};
/* End PBXGroup section */

/* Begin PBXNativeTarget section */
		3E440ED01953FC920074D667 /* OCDv3 */ = {
			isa = PBXNativeTarget;
			buildConfigurationList = 3E440EF61953FC920074D667 /* Build configuration list for PBXNativeTarget "OCDv3" */;
			buildPhases = (
				3E440ECD1953FC920074D667 /* Sources */,
				3E440ECE1953FC920074D667 /* Frameworks */,
				3E8ED000197C8E8500092851 /* ShellScript */,
				3E440ECF1953FC920074D667 /* Resources */,
			);
			buildRules = (
			);
			dependencies = (
			);
			name = OCDv3;
			productName = OCDv3;
			productReference = 3E440ED11953FC920074D667 /* OCDv3.app */;
			productType = "com.apple.product-type.application";
		};
		3E440EEB1953FC920074D667 /* OCDv3Tests */ = {
			isa = PBXNativeTarget;
			buildConfigurationList = 3E440EF91953FC920074D667 /* Build configuration list for PBXNativeTarget "OCDv3Tests" */;
			buildPhases = (
				3E440EE81953FC920074D667 /* Sources */,
				3E440EE91953FC920074D667 /* Frameworks */,
				3E440EEA1953FC920074D667 /* Resources */,
			);
			buildRules = (
			);
			dependencies = (
				3E440EEE1953FC920074D667 /* PBXTargetDependency */,
			);
			name = OCDv3Tests;
			productName = OCDv3Tests;
			productReference = 3E440EEC1953FC920074D667 /* OCDv3Tests.xctest */;
			productType = "com.apple.product-type.bundle.unit-test";
		};
/* End PBXNativeTarget section */

/* Begin PBXProject section */
		3E440EC91953FC920074D667 /* Project object */ = {
			isa = PBXProject;
			attributes = {
				LastUpgradeCheck = 0600;
				ORGANIZATIONNAME = "Chin and Cheeks";
				TargetAttributes = {
					3E440ED01953FC920074D667 = {
						CreatedOnToolsVersion = 6.0;
						DevelopmentTeam = 7MDA67429Z;
					};
					3E440EEB1953FC920074D667 = {
						CreatedOnToolsVersion = 6.0;
						TestTargetID = 3E440ED01953FC920074D667;
					};
				};
			};
			buildConfigurationList = 3E440ECC1953FC920074D667 /* Build configuration list for PBXProject "OCDv3" */;
			compatibilityVersion = "Xcode 3.2";
			developmentRegion = English;
			hasScannedForEncodings = 0;
			knownRegions = (
				en,
				Base,
			);
			mainGroup = 3E440EC81953FC920074D667;
			productRefGroup = 3E440ED21953FC920074D667 /* Products */;
			projectDirPath = "";
			projectRoot = "";
			targets = (
				3E440ED01953FC920074D667 /* OCDv3 */,
				3E440EEB1953FC920074D667 /* OCDv3Tests */,
			);
		};
/* End PBXProject section */

/* Begin PBXResourcesBuildPhase section */
		3E440ECF1953FC920074D667 /* Resources */ = {
			isa = PBXResourcesBuildPhase;
			buildActionMask = 2147483647;
			files = (
				3E0B96261969543B007688EB /* RotationLevel3Scene.sks in Resources */,
				3E6620F51968AFA60020BA4E /* Level9Scene.sks in Resources */,
				3E6620E91968AFA60020BA4E /* Level13Scene.sks in Resources */,
				3E6620EA1968AFA60020BA4E /* Level14Scene.sks in Resources */,
				3E6620ED1968AFA60020BA4E /* Level1Scene.sks in Resources */,
				3E6620F41968AFA60020BA4E /* Level8Scene.sks in Resources */,
				3EDADD52195600BC008C8905 /* Images.xcassets in Resources */,
				3ECC3FB5197C78B5006D2AC4 /* TriangleLevel1Scene.sks in Resources */,
				3E3E095719569F99006D87BE /* LevelSelectionViewController.xib in Resources */,
				3E6620F71968B1120020BA4E /* RotationLevel1Scene.sks in Resources */,
				3E6620EF1968AFA60020BA4E /* Level3Scene.sks in Resources */,
				3E6620F21968AFA60020BA4E /* Level6Scene.sks in Resources */,
				3EDADD51195600BC008C8905 /* Assets.atlas in Resources */,
				3E440EE51953FC920074D667 /* Main.storyboard in Resources */,
				3E0B9624196952BA007688EB /* RotationLevel2Scene.sks in Resources */,
				3E6620F31968AFA60020BA4E /* Level7Scene.sks in Resources */,
				3E6620E81968AFA60020BA4E /* Level12Scene.sks in Resources */,
				3E6620E61968AFA60020BA4E /* Level10Scene.sks in Resources */,
				3E6620E71968AFA60020BA4E /* Level11Scene.sks in Resources */,
				3E6620EE1968AFA60020BA4E /* Level2Scene.sks in Resources */,
				3E6620F01968AFA60020BA4E /* Level4Scene.sks in Resources */,
				3E8ED003197C931800092851 /* TutorialScene.sks in Resources */,
				3E6620EB1968AFA60020BA4E /* Level15Scene.sks in Resources */,
				3E6620EC1968AFA60020BA4E /* Level16Scene.sks in Resources */,
				3E6620F11968AFA60020BA4E /* Level5Scene.sks in Resources */,
			);
			runOnlyForDeploymentPostprocessing = 0;
		};
		3E440EEA1953FC920074D667 /* Resources */ = {
			isa = PBXResourcesBuildPhase;
			buildActionMask = 2147483647;
			files = (
			);
			runOnlyForDeploymentPostprocessing = 0;
		};
/* End PBXResourcesBuildPhase section */

/* Begin PBXShellScriptBuildPhase section */
		3E8ED000197C8E8500092851 /* ShellScript */ = {
			isa = PBXShellScriptBuildPhase;
			buildActionMask = 2147483647;
			files = (
			);
			inputPaths = (
			);
			outputPaths = (
			);
			runOnlyForDeploymentPostprocessing = 0;
			shellPath = /bin/bash;
			shellScript = "buildNumber=$(/usr/libexec/PlistBuddy -c \"Print CFBundleVersion\" \"${PROJECT_DIR}/${INFOPLIST_FILE}\")\nbuildNumber=$(($buildNumber + 1))\n/usr/libexec/PlistBuddy -c \"Set :CFBundleVersion $buildNumber\" \"${PROJECT_DIR}/${INFOPLIST_FILE}\"";
		};
/* End PBXShellScriptBuildPhase section */

/* Begin PBXSourcesBuildPhase section */
		3E440ECD1953FC920074D667 /* Sources */ = {
			isa = PBXSourcesBuildPhase;
			buildActionMask = 2147483647;
			files = (
				3E0B9622196952B0007688EB /* RotationLevel2Scene.m in Sources */,
				3E6620C41968AF890020BA4E /* Level10Scene.m in Sources */,
				3E8ED00A197C963500092851 /* OCDLevelScene.m in Sources */,
				3E8ED007197C952900092851 /* SKScene+Unarchive.m in Sources */,
				3E6620CD1968AF890020BA4E /* Level3Scene.m in Sources */,
				3E8ED010197CD3F400092851 /* OCDRotationLevelScene.m in Sources */,
				3E6620CE1968AF890020BA4E /* Level4Scene.m in Sources */,
				3E6620CB1968AF890020BA4E /* Level1Scene.m in Sources */,
				3E6620C81968AF890020BA4E /* Level14Scene.m in Sources */,
				3E6620D01968AF890020BA4E /* Level6Scene.m in Sources */,
				3E8ED00D197CA24800092851 /* OCDSquareLevelScene.m in Sources */,
				3E6620CF1968AF890020BA4E /* Level5Scene.m in Sources */,
				3E6620C51968AF890020BA4E /* Level11Scene.m in Sources */,
				3E6620C61968AF890020BA4E /* Level12Scene.m in Sources */,
				3ECC3FB2197C70EF006D2AC4 /* TriangleLevel1Scene.m in Sources */,
				3E3E095619569F99006D87BE /* LevelSelectionViewController.m in Sources */,
				3E6620D31968AF890020BA4E /* Level9Scene.m in Sources */,
				3EDADD53195600BC008C8905 /* AppDelegate.m in Sources */,
				3EDADD54195600BC008C8905 /* GameViewController.m in Sources */,
				3E6620C71968AF890020BA4E /* Level13Scene.m in Sources */,
				3E0B9629196955D8007688EB /* RotationLevel3Scene.m in Sources */,
				3E6620CC1968AF890020BA4E /* Level2Scene.m in Sources */,
				3E6620CA1968AF890020BA4E /* Level16Scene.m in Sources */,
				3E6620D21968AF890020BA4E /* Level8Scene.m in Sources */,
				3E8ED013197CDA1100092851 /* OCDTriangleLevelScene.m in Sources */,
				3E6620C91968AF890020BA4E /* Level15Scene.m in Sources */,
				3E6620D11968AF890020BA4E /* Level7Scene.m in Sources */,
				3E440ED71953FC920074D667 /* main.m in Sources */,
				3E8ECFFE197C8E1900092851 /* TutorialScene.m in Sources */,
				3E6620FA1968B1BB0020BA4E /* RotationLevel1Scene.m in Sources */,
			);
			runOnlyForDeploymentPostprocessing = 0;
		};
		3E440EE81953FC920074D667 /* Sources */ = {
			isa = PBXSourcesBuildPhase;
			buildActionMask = 2147483647;
			files = (
				3E440EF31953FC920074D667 /* OCDv3Tests.m in Sources */,
			);
			runOnlyForDeploymentPostprocessing = 0;
		};
/* End PBXSourcesBuildPhase section */

/* Begin PBXTargetDependency section */
		3E440EEE1953FC920074D667 /* PBXTargetDependency */ = {
			isa = PBXTargetDependency;
			target = 3E440ED01953FC920074D667 /* OCDv3 */;
			targetProxy = 3E440EED1953FC920074D667 /* PBXContainerItemProxy */;
		};
/* End PBXTargetDependency section */

/* Begin PBXVariantGroup section */
		3E440EE31953FC920074D667 /* Main.storyboard */ = {
			isa = PBXVariantGroup;
			children = (
				3E440EE41953FC920074D667 /* Base */,
			);
			name = Main.storyboard;
			sourceTree = "<group>";
		};
/* End PBXVariantGroup section */

/* Begin XCBuildConfiguration section */
		3E440EF41953FC920074D667 /* Debug */ = {
			isa = XCBuildConfiguration;
			buildSettings = {
				ALWAYS_SEARCH_USER_PATHS = NO;
				CLANG_CXX_LANGUAGE_STANDARD = "gnu++0x";
				CLANG_CXX_LIBRARY = "libc++";
				CLANG_ENABLE_MODULES = YES;
				CLANG_ENABLE_OBJC_ARC = YES;
				CLANG_WARN_BOOL_CONVERSION = YES;
				CLANG_WARN_CONSTANT_CONVERSION = YES;
				CLANG_WARN_DIRECT_OBJC_ISA_USAGE = YES_ERROR;
				CLANG_WARN_EMPTY_BODY = YES;
				CLANG_WARN_ENUM_CONVERSION = YES;
				CLANG_WARN_INT_CONVERSION = YES;
				CLANG_WARN_OBJC_ROOT_CLASS = YES_ERROR;
				CLANG_WARN_UNREACHABLE_CODE = YES;
				CLANG_WARN__DUPLICATE_METHOD_MATCH = YES;
				"CODE_SIGN_IDENTITY[sdk=iphoneos*]" = "iPhone Developer";
				COPY_PHASE_STRIP = NO;
				ENABLE_STRICT_OBJC_MSGSEND = YES;
				GCC_C_LANGUAGE_STANDARD = gnu99;
				GCC_DYNAMIC_NO_PIC = NO;
				GCC_OPTIMIZATION_LEVEL = 0;
				GCC_PREPROCESSOR_DEFINITIONS = (
					"DEBUG=1",
					"$(inherited)",
				);
				GCC_SYMBOLS_PRIVATE_EXTERN = NO;
				GCC_WARN_64_TO_32_BIT_CONVERSION = YES;
				GCC_WARN_ABOUT_RETURN_TYPE = YES_ERROR;
				GCC_WARN_UNDECLARED_SELECTOR = YES;
				GCC_WARN_UNINITIALIZED_AUTOS = YES_AGGRESSIVE;
				GCC_WARN_UNUSED_FUNCTION = YES;
				GCC_WARN_UNUSED_VARIABLE = YES;
				IPHONEOS_DEPLOYMENT_TARGET = 8.0;
				METAL_ENABLE_DEBUG_INFO = YES;
				ONLY_ACTIVE_ARCH = YES;
				SDKROOT = iphoneos;
				TARGETED_DEVICE_FAMILY = "1,2";
			};
			name = Debug;
		};
		3E440EF51953FC920074D667 /* Release */ = {
			isa = XCBuildConfiguration;
			buildSettings = {
				ALWAYS_SEARCH_USER_PATHS = NO;
				CLANG_CXX_LANGUAGE_STANDARD = "gnu++0x";
				CLANG_CXX_LIBRARY = "libc++";
				CLANG_ENABLE_MODULES = YES;
				CLANG_ENABLE_OBJC_ARC = YES;
				CLANG_WARN_BOOL_CONVERSION = YES;
				CLANG_WARN_CONSTANT_CONVERSION = YES;
				CLANG_WARN_DIRECT_OBJC_ISA_USAGE = YES_ERROR;
				CLANG_WARN_EMPTY_BODY = YES;
				CLANG_WARN_ENUM_CONVERSION = YES;
				CLANG_WARN_INT_CONVERSION = YES;
				CLANG_WARN_OBJC_ROOT_CLASS = YES_ERROR;
				CLANG_WARN_UNREACHABLE_CODE = YES;
				CLANG_WARN__DUPLICATE_METHOD_MATCH = YES;
				CODE_SIGN_IDENTITY = "iPhone Distribution";
				"CODE_SIGN_IDENTITY[sdk=iphoneos*]" = "iPhone Distribution";
				COPY_PHASE_STRIP = YES;
				ENABLE_NS_ASSERTIONS = NO;
				ENABLE_STRICT_OBJC_MSGSEND = YES;
				GCC_C_LANGUAGE_STANDARD = gnu99;
				GCC_WARN_64_TO_32_BIT_CONVERSION = YES;
				GCC_WARN_ABOUT_RETURN_TYPE = YES_ERROR;
				GCC_WARN_UNDECLARED_SELECTOR = YES;
				GCC_WARN_UNINITIALIZED_AUTOS = YES_AGGRESSIVE;
				GCC_WARN_UNUSED_FUNCTION = YES;
				GCC_WARN_UNUSED_VARIABLE = YES;
				IPHONEOS_DEPLOYMENT_TARGET = 8.0;
				METAL_ENABLE_DEBUG_INFO = NO;
				SDKROOT = iphoneos;
				TARGETED_DEVICE_FAMILY = "1,2";
				VALIDATE_PRODUCT = YES;
			};
			name = Release;
		};
		3E440EF71953FC920074D667 /* Debug */ = {
			isa = XCBuildConfiguration;
			buildSettings = {
				ASSETCATALOG_COMPILER_APPICON_NAME = AppIcon;
				ASSETCATALOG_COMPILER_LAUNCHIMAGE_NAME = LaunchImage;
				CODE_SIGN_IDENTITY = "iPhone Developer";
				"CODE_SIGN_IDENTITY[sdk=iphoneos*]" = "iPhone Developer";
				INFOPLIST_FILE = OCDv3/Info.plist;
				LD_RUNPATH_SEARCH_PATHS = "$(inherited) @executable_path/Frameworks";
				PRODUCT_NAME = "$(TARGET_NAME)";
				PROVISIONING_PROFILE = "";
			};
			name = Debug;
		};
		3E440EF81953FC920074D667 /* Release */ = {
			isa = XCBuildConfiguration;
			buildSettings = {
				ASSETCATALOG_COMPILER_APPICON_NAME = AppIcon;
				ASSETCATALOG_COMPILER_LAUNCHIMAGE_NAME = LaunchImage;
				CODE_SIGN_IDENTITY = "iPhone Developer";
				"CODE_SIGN_IDENTITY[sdk=iphoneos*]" = "iPhone Developer";
				INFOPLIST_FILE = OCDv3/Info.plist;
				LD_RUNPATH_SEARCH_PATHS = "$(inherited) @executable_path/Frameworks";
				PRODUCT_NAME = "$(TARGET_NAME)";
				PROVISIONING_PROFILE = "";
			};
			name = Release;
		};
		3E440EFA1953FC920074D667 /* Debug */ = {
			isa = XCBuildConfiguration;
			buildSettings = {
				BUNDLE_LOADER = "$(BUILT_PRODUCTS_DIR)/OCDv3.app/OCDv3";
				FRAMEWORK_SEARCH_PATHS = (
					"$(SDKROOT)/Developer/Library/Frameworks",
					"$(inherited)",
				);
				GCC_PREPROCESSOR_DEFINITIONS = (
					"DEBUG=1",
					"$(inherited)",
				);
				INFOPLIST_FILE = OCDv3Tests/Info.plist;
				LD_RUNPATH_SEARCH_PATHS = "$(inherited) @executable_path/Frameworks @loader_path/Frameworks";
				METAL_ENABLE_DEBUG_INFO = YES;
				PRODUCT_NAME = "$(TARGET_NAME)";
				TEST_HOST = "$(BUNDLE_LOADER)";
			};
			name = Debug;
		};
		3E440EFB1953FC920074D667 /* Release */ = {
			isa = XCBuildConfiguration;
			buildSettings = {
				BUNDLE_LOADER = "$(BUILT_PRODUCTS_DIR)/OCDv3.app/OCDv3";
				FRAMEWORK_SEARCH_PATHS = (
					"$(SDKROOT)/Developer/Library/Frameworks",
					"$(inherited)",
				);
				INFOPLIST_FILE = OCDv3Tests/Info.plist;
				LD_RUNPATH_SEARCH_PATHS = "$(inherited) @executable_path/Frameworks @loader_path/Frameworks";
				METAL_ENABLE_DEBUG_INFO = NO;
				PRODUCT_NAME = "$(TARGET_NAME)";
				TEST_HOST = "$(BUNDLE_LOADER)";
			};
			name = Release;
		};
/* End XCBuildConfiguration section */

/* Begin XCConfigurationList section */
		3E440ECC1953FC920074D667 /* Build configuration list for PBXProject "OCDv3" */ = {
			isa = XCConfigurationList;
			buildConfigurations = (
				3E440EF41953FC920074D667 /* Debug */,
				3E440EF51953FC920074D667 /* Release */,
			);
			defaultConfigurationIsVisible = 0;
			defaultConfigurationName = Release;
		};
		3E440EF61953FC920074D667 /* Build configuration list for PBXNativeTarget "OCDv3" */ = {
			isa = XCConfigurationList;
			buildConfigurations = (
				3E440EF71953FC920074D667 /* Debug */,
				3E440EF81953FC920074D667 /* Release */,
			);
			defaultConfigurationIsVisible = 0;
			defaultConfigurationName = Release;
		};
		3E440EF91953FC920074D667 /* Build configuration list for PBXNativeTarget "OCDv3Tests" */ = {
			isa = XCConfigurationList;
			buildConfigurations = (
				3E440EFA1953FC920074D667 /* Debug */,
				3E440EFB1953FC920074D667 /* Release */,
			);
			defaultConfigurationIsVisible = 0;
			defaultConfigurationName = Release;
		};
/* End XCConfigurationList section */
	};
	rootObject = 3E440EC91953FC920074D667 /* Project object */;
}
